
Microsoft Visual Studio Solution File, Format Version 11.00
# Visual Studio 2010
Project("{FAE04EC0-301F-11D3-BF4B-00C04F79EFBC}") = "MvcJqGrid", "MvcJqGrid\MvcJqGrid.csproj", "{5C7CEA99-83DE-4807-8520-D4E81DC4D052}"
EndProject
Global
	GlobalSection(SolutionConfigurationPlatforms) = preSolution
		Debug|Any CPU = Debug|Any CPU
		Release|Any CPU = Release|Any CPU
	EndGlobalSection
	GlobalSection(ProjectConfigurationPlatforms) = postSolution
		{5C7CEA99-83DE-4807-8520-D4E81DC4D052}.Debug|Any CPU.ActiveCfg = Debug|Any CPU
		{5C7CEA99-83DE-4807-8520-D4E81DC4D052}.Debug|Any CPU.Build.0 = Debug|Any CPU
		{5C7CEA99-83DE-4807-8520-D4E81DC4D052}.Release|Any CPU.ActiveCfg = Release|Any CPU
		{5C7CEA99-83DE-4807-8520-D4E81DC4D052}.Release|Any CPU.Build.0 = Release|Any CPU
	EndGlobalSection
	GlobalSection(SolutionProperties) = preSolution
		HideSolutionNode = FALSE
	EndGlobalSection
EndGlobal
